
Microsoft Visual Studio Solution File, Format Version 12.00
# Visual Studio Version 16
VisualStudioVersion = 16.6.30114.105
MinimumVisualStudioVersion = 10.0.40219.1
Project("{FAE04EC0-301F-11D3-BF4B-00C04F79EFBC}") = "PlayList.Managerment.WebApi", "PlayList.Managerment.WebApi\PlayList.Managerment.WebApi.csproj", "{AE6155E8-40D6-4E77-ADAF-395CED294ADE}"
EndProject
Project("{FAE04EC0-301F-11D3-BF4B-00C04F79EFBC}") = "PlayList.IdentityServer", "PlayList.IdentityServer\PlayList.IdentityServer.csproj", "{F1157B6A-1AA1-44ED-B0DE-D0879A3FF59F}"
EndProject
Project("{FAE04EC0-301F-11D3-BF4B-00C04F79EFBC}") = "PlayList.Custonmer.WebApi", "PlayList.Custonmer.WebApi\PlayList.Custonmer.WebApi.csproj", "{24F60E98-0968-4AC0-B4F9-8967645816D0}"
EndProject
Project("{FAE04EC0-301F-11D3-BF4B-00C04F79EFBC}") = "PlayList.Service", "_PlayList.Service\PlayList.Service.csproj", "{24C60B70-5FB5-4AE2-95E6-9763D613A4D0}"
EndProject
Project("{FAE04EC0-301F-11D3-BF4B-00C04F79EFBC}") = "PlayList.DataAccess", "_PlayList.DataAccess\PlayList.DataAccess.csproj", "{79F218B0-5D09-4DA2-81F0-EDB4945DBAA8}"
EndProject
Project("{FAE04EC0-301F-11D3-BF4B-00C04F79EFBC}") = "PlayList.Models", "_PlayList.Models\PlayList.Models.csproj", "{87DDB3A3-9D57-4532-A29E-A283D2D020CB}"
EndProject
Project("{FAE04EC0-301F-11D3-BF4B-00C04F79EFBC}") = "PlayList.UnitTest", "PlayList.UnitTest\PlayList.UnitTest.csproj", "{D01704C2-BA3A-4DB4-83F5-9926F4114E21}"
EndProject
Global
	GlobalSection(SolutionConfigurationPlatforms) = preSolution
		Debug|Any CPU = Debug|Any CPU
		Debug|x64 = Debug|x64
		Debug|x86 = Debug|x86
		Release|Any CPU = Release|Any CPU
		Release|x64 = Release|x64
		Release|x86 = Release|x86
	EndGlobalSection
	GlobalSection(SolutionProperties) = preSolution
		HideSolutionNode = FALSE
	EndGlobalSection
	GlobalSection(ProjectConfigurationPlatforms) = postSolution
		{AE6155E8-40D6-4E77-ADAF-395CED294ADE}.Debug|Any CPU.ActiveCfg = Debug|Any CPU
		{AE6155E8-40D6-4E77-ADAF-395CED294ADE}.Debug|Any CPU.Build.0 = Debug|Any CPU
		{AE6155E8-40D6-4E77-ADAF-395CED294ADE}.Debug|x64.ActiveCfg = Debug|Any CPU
		{AE6155E8-40D6-4E77-ADAF-395CED294ADE}.Debug|x64.Build.0 = Debug|Any CPU
		{AE6155E8-40D6-4E77-ADAF-395CED294ADE}.Debug|x86.ActiveCfg = Debug|Any CPU
		{AE6155E8-40D6-4E77-ADAF-395CED294ADE}.Debug|x86.Build.0 = Debug|Any CPU
		{AE6155E8-40D6-4E77-ADAF-395CED294ADE}.Release|Any CPU.ActiveCfg = Release|Any CPU
		{AE6155E8-40D6-4E77-ADAF-395CED294ADE}.Release|Any CPU.Build.0 = Release|Any CPU
		{AE6155E8-40D6-4E77-ADAF-395CED294ADE}.Release|x64.ActiveCfg = Release|Any CPU
		{AE6155E8-40D6-4E77-ADAF-395CED294ADE}.Release|x64.Build.0 = Release|Any CPU
		{AE6155E8-40D6-4E77-ADAF-395CED294ADE}.Release|x86.ActiveCfg = Release|Any CPU
		{AE6155E8-40D6-4E77-ADAF-395CED294ADE}.Release|x86.Build.0 = Release|Any CPU
		{F1157B6A-1AA1-44ED-B0DE-D0879A3FF59F}.Debug|Any CPU.ActiveCfg = Debug|Any CPU
		{F1157B6A-1AA1-44ED-B0DE-D0879A3FF59F}.Debug|Any CPU.Build.0 = Debug|Any CPU
		{F1157B6A-1AA1-44ED-B0DE-D0879A3FF59F}.Debug|x64.ActiveCfg = Debug|Any CPU
		{F1157B6A-1AA1-44ED-B0DE-D0879A3FF59F}.Debug|x64.Build.0 = Debug|Any CPU
		{F1157B6A-1AA1-44ED-B0DE-D0879A3FF59F}.Debug|x86.ActiveCfg = Debug|Any CPU
		{F1157B6A-1AA1-44ED-B0DE-D0879A3FF59F}.Debug|x86.Build.0 = Debug|Any CPU
		{F1157B6A-1AA1-44ED-B0DE-D0879A3FF59F}.Release|Any CPU.ActiveCfg = Release|Any CPU
		{F1157B6A-1AA1-44ED-B0DE-D0879A3FF59F}.Release|Any CPU.Build.0 = Release|Any CPU
		{F1157B6A-1AA1-44ED-B0DE-D0879A3FF59F}.Release|x64.ActiveCfg = Release|Any CPU
		{F1157B6A-1AA1-44ED-B0DE-D0879A3FF59F}.Release|x64.Build.0 = Release|Any CPU
		{F1157B6A-1AA1-44ED-B0DE-D0879A3FF59F}.Release|x86.ActiveCfg = Release|Any CPU
		{F1157B6A-1AA1-44ED-B0DE-D0879A3FF59F}.Release|x86.Build.0 = Release|Any CPU
		{24F60E98-0968-4AC0-B4F9-8967645816D0}.Debug|Any CPU.ActiveCfg = Debug|Any CPU
		{24F60E98-0968-4AC0-B4F9-8967645816D0}.Debug|Any CPU.Build.0 = Debug|Any CPU
		{24F60E98-0968-4AC0-B4F9-8967645816D0}.Debug|x64.ActiveCfg = Debug|Any CPU
		{24F60E98-0968-4AC0-B4F9-8967645816D0}.Debug|x64.Build.0 = Debug|Any CPU
		{24F60E98-0968-4AC0-B4F9-8967645816D0}.Debug|x86.ActiveCfg = Debug|Any CPU
		{24F60E98-0968-4AC0-B4F9-8967645816D0}.Debug|x86.Build.0 = Debug|Any CPU
		{24F60E98-0968-4AC0-B4F9-8967645816D0}.Release|Any CPU.ActiveCfg = Release|Any CPU
		{24F60E98-0968-4AC0-B4F9-8967645816D0}.Release|Any CPU.Build.0 = Release|Any CPU
		{24F60E98-0968-4AC0-B4F9-8967645816D0}.Release|x64.ActiveCfg = Release|Any CPU
		{24F60E98-0968-4AC0-B4F9-8967645816D0}.Release|x64.Build.0 = Release|Any CPU
		{24F60E98-0968-4AC0-B4F9-8967645816D0}.Release|x86.ActiveCfg = Release|Any CPU
		{24F60E98-0968-4AC0-B4F9-8967645816D0}.Release|x86.Build.0 = Release|Any CPU
		{7E3EBF0A-299C-4DD9-921C-3202C7C6EBB8}.Debug|Any CPU.ActiveCfg = Debug|Any CPU
		{7E3EBF0A-299C-4DD9-921C-3202C7C6EBB8}.Debug|Any CPU.Build.0 = Debug|Any CPU
		{7E3EBF0A-299C-4DD9-921C-3202C7C6EBB8}.Debug|x64.ActiveCfg = Debug|Any CPU
		{7E3EBF0A-299C-4DD9-921C-3202C7C6EBB8}.Debug|x64.Build.0 = Debug|Any CPU
		{7E3EBF0A-299C-4DD9-921C-3202C7C6EBB8}.Debug|x86.ActiveCfg = Debug|Any CPU
		{7E3EBF0A-299C-4DD9-921C-3202C7C6EBB8}.Debug|x86.Build.0 = Debug|Any CPU
		{7E3EBF0A-299C-4DD9-921C-3202C7C6EBB8}.Release|Any CPU.ActiveCfg = Release|Any CPU
		{7E3EBF0A-299C-4DD9-921C-3202C7C6EBB8}.Release|Any CPU.Build.0 = Release|Any CPU
		{7E3EBF0A-299C-4DD9-921C-3202C7C6EBB8}.Release|x64.ActiveCfg = Release|Any CPU
		{7E3EBF0A-299C-4DD9-921C-3202C7C6EBB8}.Release|x64.Build.0 = Release|Any CPU
		{7E3EBF0A-299C-4DD9-921C-3202C7C6EBB8}.Release|x86.ActiveCfg = Release|Any CPU
		{7E3EBF0A-299C-4DD9-921C-3202C7C6EBB8}.Release|x86.Build.0 = Release|Any CPU
		{24C60B70-5FB5-4AE2-95E6-9763D613A4D0}.Debug|Any CPU.ActiveCfg = Debug|Any CPU
		{24C60B70-5FB5-4AE2-95E6-9763D613A4D0}.Debug|Any CPU.Build.0 = Debug|Any CPU
		{24C60B70-5FB5-4AE2-95E6-9763D613A4D0}.Debug|x64.ActiveCfg = Debug|Any CPU
		{24C60B70-5FB5-4AE2-95E6-9763D613A4D0}.Debug|x64.Build.0 = Debug|Any CPU
		{24C60B70-5FB5-4AE2-95E6-9763D613A4D0}.Debug|x86.ActiveCfg = Debug|Any CPU
		{24C60B70-5FB5-4AE2-95E6-9763D613A4D0}.Debug|x86.Build.0 = Debug|Any CPU
		{24C60B70-5FB5-4AE2-95E6-9763D613A4D0}.Release|Any CPU.ActiveCfg = Release|Any CPU
		{24C60B70-5FB5-4AE2-95E6-9763D613A4D0}.Release|Any CPU.Build.0 = Release|Any CPU
		{24C60B70-5FB5-4AE2-95E6-9763D613A4D0}.Release|x64.ActiveCfg = Release|Any CPU
		{24C60B70-5FB5-4AE2-95E6-9763D613A4D0}.Release|x64.Build.0 = Release|Any CPU
		{24C60B70-5FB5-4AE2-95E6-9763D613A4D0}.Release|x86.ActiveCfg = Release|Any CPU
		{24C60B70-5FB5-4AE2-95E6-9763D613A4D0}.Release|x86.Build.0 = Release|Any CPU
		{79F218B0-5D09-4DA2-81F0-EDB4945DBAA8}.Debug|Any CPU.ActiveCfg = Debug|Any CPU
		{79F218B0-5D09-4DA2-81F0-EDB4945DBAA8}.Debug|Any CPU.Build.0 = Debug|Any CPU
		{79F218B0-5D09-4DA2-81F0-EDB4945DBAA8}.Debug|x64.ActiveCfg = Debug|Any CPU
		{79F218B0-5D09-4DA2-81F0-EDB4945DBAA8}.Debug|x64.Build.0 = Debug|Any CPU
		{79F218B0-5D09-4DA2-81F0-EDB4945DBAA8}.Debug|x86.ActiveCfg = Debug|Any CPU
		{79F218B0-5D09-4DA2-81F0-EDB4945DBAA8}.Debug|x86.Build.0 = Debug|Any CPU
		{79F218B0-5D09-4DA2-81F0-EDB4945DBAA8}.Release|Any CPU.ActiveCfg = Release|Any CPU
		{79F218B0-5D09-4DA2-81F0-EDB4945DBAA8}.Release|Any CPU.Build.0 = Release|Any CPU
		{79F218B0-5D09-4DA2-81F0-EDB4945DBAA8}.Release|x64.ActiveCfg = Release|Any CPU
		{79F218B0-5D09-4DA2-81F0-EDB4945DBAA8}.Release|x64.Build.0 = Release|Any CPU
		{79F218B0-5D09-4DA2-81F0-EDB4945DBAA8}.Release|x86.ActiveCfg = Release|Any CPU
		{79F218B0-5D09-4DA2-81F0-EDB4945DBAA8}.Release|x86.Build.0 = Release|Any CPU
		{87DDB3A3-9D57-4532-A29E-A283D2D020CB}.Debug|Any CPU.ActiveCfg = Debug|Any CPU
		{87DDB3A3-9D57-4532-A29E-A283D2D020CB}.Debug|Any CPU.Build.0 = Debug|Any CPU
		{87DDB3A3-9D57-4532-A29E-A283D2D020CB}.Debug|x64.ActiveCfg = Debug|Any CPU
		{87DDB3A3-9D57-4532-A29E-A283D2D020CB}.Debug|x64.Build.0 = Debug|Any CPU
		{87DDB3A3-9D57-4532-A29E-A283D2D020CB}.Debug|x86.ActiveCfg = Debug|Any CPU
		{87DDB3A3-9D57-4532-A29E-A283D2D020CB}.Debug|x86.Build.0 = Debug|Any CPU
		{87DDB3A3-9D57-4532-A29E-A283D2D020CB}.Release|Any CPU.ActiveCfg = Release|Any CPU
		{87DDB3A3-9D57-4532-A29E-A283D2D020CB}.Release|Any CPU.Build.0 = Release|Any CPU
		{87DDB3A3-9D57-4532-A29E-A283D2D020CB}.Release|x64.ActiveCfg = Release|Any CPU
		{87DDB3A3-9D57-4532-A29E-A283D2D020CB}.Release|x64.Build.0 = Release|Any CPU
		{87DDB3A3-9D57-4532-A29E-A283D2D020CB}.Release|x86.ActiveCfg = Release|Any CPU
		{87DDB3A3-9D57-4532-A29E-A283D2D020CB}.Release|x86.Build.0 = Release|Any CPU
		{7192202C-6205-49CA-B1EC-AFA1CFC5F81D}.Debug|Any CPU.ActiveCfg = Debug|Any CPU
		{7192202C-6205-49CA-B1EC-AFA1CFC5F81D}.Debug|Any CPU.Build.0 = Debug|Any CPU
		{7192202C-6205-49CA-B1EC-AFA1CFC5F81D}.Debug|x64.ActiveCfg = Debug|Any CPU
		{7192202C-6205-49CA-B1EC-AFA1CFC5F81D}.Debug|x64.Build.0 = Debug|Any CPU
		{7192202C-6205-49CA-B1EC-AFA1CFC5F81D}.Debug|x86.ActiveCfg = Debug|Any CPU
		{7192202C-6205-49CA-B1EC-AFA1CFC5F81D}.Debug|x86.Build.0 = Debug|Any CPU
		{7192202C-6205-49CA-B1EC-AFA1CFC5F81D}.Release|Any CPU.ActiveCfg = Release|Any CPU
		{7192202C-6205-49CA-B1EC-AFA1CFC5F81D}.Release|Any CPU.Build.0 = Release|Any CPU
		{7192202C-6205-49CA-B1EC-AFA1CFC5F81D}.Release|x64.ActiveCfg = Release|Any CPU
		{7192202C-6205-49CA-B1EC-AFA1CFC5F81D}.Release|x64.Build.0 = Release|Any CPU
		{7192202C-6205-49CA-B1EC-AFA1CFC5F81D}.Release|x86.ActiveCfg = Release|Any CPU
		{7192202C-6205-49CA-B1EC-AFA1CFC5F81D}.Release|x86.Build.0 = Release|Any CPU
		{730FFB52-FC2F-4852-B769-F9ACD77DAEA3}.Debug|Any CPU.ActiveCfg = Debug|Any CPU
		{730FFB52-FC2F-4852-B769-F9ACD77DAEA3}.Debug|Any CPU.Build.0 = Debug|Any CPU
		{730FFB52-FC2F-4852-B769-F9ACD77DAEA3}.Debug|x64.ActiveCfg = Debug|Any CPU
		{730FFB52-FC2F-4852-B769-F9ACD77DAEA3}.Debug|x64.Build.0 = Debug|Any CPU
		{730FFB52-FC2F-4852-B769-F9ACD77DAEA3}.Debug|x86.ActiveCfg = Debug|Any CPU
		{730FFB52-FC2F-4852-B769-F9ACD77DAEA3}.Debug|x86.Build.0 = Debug|Any CPU
		{730FFB52-FC2F-4852-B769-F9ACD77DAEA3}.Release|Any CPU.ActiveCfg = Release|Any CPU
		{730FFB52-FC2F-4852-B769-F9ACD77DAEA3}.Release|Any CPU.Build.0 = Release|Any CPU
		{730FFB52-FC2F-4852-B769-F9ACD77DAEA3}.Release|x64.ActiveCfg = Release|Any CPU
		{730FFB52-FC2F-4852-B769-F9ACD77DAEA3}.Release|x64.Build.0 = Release|Any CPU
		{730FFB52-FC2F-4852-B769-F9ACD77DAEA3}.Release|x86.ActiveCfg = Release|Any CPU
		{730FFB52-FC2F-4852-B769-F9ACD77DAEA3}.Release|x86.Build.0 = Release|Any CPU
		{D01704C2-BA3A-4DB4-83F5-9926F4114E21}.Debug|Any CPU.ActiveCfg = Debug|Any CPU
		{D01704C2-BA3A-4DB4-83F5-9926F4114E21}.Debug|Any CPU.Build.0 = Debug|Any CPU
		{D01704C2-BA3A-4DB4-83F5-9926F4114E21}.Debug|x64.ActiveCfg = Debug|Any CPU
		{D01704C2-BA3A-4DB4-83F5-9926F4114E21}.Debug|x64.Build.0 = Debug|Any CPU
		{D01704C2-BA3A-4DB4-83F5-9926F4114E21}.Debug|x86.ActiveCfg = Debug|Any CPU
		{D01704C2-BA3A-4DB4-83F5-9926F4114E21}.Debug|x86.Build.0 = Debug|Any CPU
		{D01704C2-BA3A-4DB4-83F5-9926F4114E21}.Release|Any CPU.ActiveCfg = Release|Any CPU
		{D01704C2-BA3A-4DB4-83F5-9926F4114E21}.Release|Any CPU.Build.0 = Release|Any CPU
		{D01704C2-BA3A-4DB4-83F5-9926F4114E21}.Release|x64.ActiveCfg = Release|Any CPU
		{D01704C2-BA3A-4DB4-83F5-9926F4114E21}.Release|x64.Build.0 = Release|Any CPU
		{D01704C2-BA3A-4DB4-83F5-9926F4114E21}.Release|x86.ActiveCfg = Release|Any CPU
		{D01704C2-BA3A-4DB4-83F5-9926F4114E21}.Release|x86.Build.0 = Release|Any CPU
	EndGlobalSection
EndGlobal
